
Microsoft Visual Studio Solution File, Format Version 12.00
# Visual Studio Version 17
VisualStudioVersion = 17.6.33815.320
MinimumVisualStudioVersion = 10.0.40219.1
Project("{FAE04EC0-301F-11D3-BF4B-00C04F79EFBC}") = "Chargen-UI", "Chargen-UI\Chargen-UI.csproj", "{E7F119E9-B608-46D3-8EF2-F74AD4CC5930}"
	ProjectSection(ProjectDependencies) = postProject
		{45932CB9-4EAF-4D34-BC84-E28BCC0B00AF} = {45932CB9-4EAF-4D34-BC84-E28BCC0B00AF}
	EndProjectSection
EndProject
Project("{2150E333-8FDC-42A3-9474-1A3956D46DE8}") = "UserControls", "UserControls", "{ACB7F647-D1AE-4F4A-9D3F-0B3AAC46F1C9}"
EndProject
Project("{FAE04EC0-301F-11D3-BF4B-00C04F79EFBC}") = "CharacterMain", "CharacterMain\CharacterMain.csproj", "{9F852689-93DC-47C7-9C9B-7448605000CD}"
EndProject
Project("{FAE04EC0-301F-11D3-BF4B-00C04F79EFBC}") = "Infrastructure.Persistence", "Infrastructure.Persistence\Infrastructure.Persistence.csproj", "{45932CB9-4EAF-4D34-BC84-E28BCC0B00AF}"
	ProjectSection(ProjectDependencies) = postProject
		{9F852689-93DC-47C7-9C9B-7448605000CD} = {9F852689-93DC-47C7-9C9B-7448605000CD}
	EndProjectSection
EndProject
Project("{FAE04EC0-301F-11D3-BF4B-00C04F79EFBC}") = "Domain.Character", "Domain.Character\Domain.Character.csproj", "{DCBA3A8A-9675-42DB-9269-57D79967F6DE}"
EndProject
Project("{2150E333-8FDC-42A3-9474-1A3956D46DE8}") = "Presentation", "Presentation", "{611E9C0D-FB60-4CEE-80C0-2C73D4CDF7B8}"
EndProject
Project("{2150E333-8FDC-42A3-9474-1A3956D46DE8}") = "Domain", "Domain", "{536A96A3-A36C-4511-B69C-1987F793C5AE}"
EndProject
Project("{2150E333-8FDC-42A3-9474-1A3956D46DE8}") = "Application", "Application", "{72D602A9-DF34-441E-865A-6A286D48985A}"
EndProject
Project("{2150E333-8FDC-42A3-9474-1A3956D46DE8}") = "Infrastructure", "Infrastructure", "{DD92F17A-3305-4C63-AC84-94D78C6CF28A}"
EndProject
Project("{FAE04EC0-301F-11D3-BF4B-00C04F79EFBC}") = "Application.Modules", "Application.Modules\Application.Modules.csproj", "{6DD78B6B-9FC6-4ED4-8A02-3DD76EE03B69}"
EndProject
Global
	GlobalSection(SolutionConfigurationPlatforms) = preSolution
		Debug|Any CPU = Debug|Any CPU
		Release|Any CPU = Release|Any CPU
	EndGlobalSection
	GlobalSection(ProjectConfigurationPlatforms) = postSolution
		{E7F119E9-B608-46D3-8EF2-F74AD4CC5930}.Debug|Any CPU.ActiveCfg = Debug|Any CPU
		{E7F119E9-B608-46D3-8EF2-F74AD4CC5930}.Debug|Any CPU.Build.0 = Debug|Any CPU
		{E7F119E9-B608-46D3-8EF2-F74AD4CC5930}.Release|Any CPU.ActiveCfg = Release|Any CPU
		{E7F119E9-B608-46D3-8EF2-F74AD4CC5930}.Release|Any CPU.Build.0 = Release|Any CPU
		{9F852689-93DC-47C7-9C9B-7448605000CD}.Debug|Any CPU.ActiveCfg = Debug|Any CPU
		{9F852689-93DC-47C7-9C9B-7448605000CD}.Debug|Any CPU.Build.0 = Debug|Any CPU
		{9F852689-93DC-47C7-9C9B-7448605000CD}.Release|Any CPU.ActiveCfg = Release|Any CPU
		{9F852689-93DC-47C7-9C9B-7448605000CD}.Release|Any CPU.Build.0 = Release|Any CPU
		{45932CB9-4EAF-4D34-BC84-E28BCC0B00AF}.Debug|Any CPU.ActiveCfg = Debug|Any CPU
		{45932CB9-4EAF-4D34-BC84-E28BCC0B00AF}.Debug|Any CPU.Build.0 = Debug|Any CPU
		{45932CB9-4EAF-4D34-BC84-E28BCC0B00AF}.Release|Any CPU.ActiveCfg = Release|Any CPU
		{45932CB9-4EAF-4D34-BC84-E28BCC0B00AF}.Release|Any CPU.Build.0 = Release|Any CPU
		{DCBA3A8A-9675-42DB-9269-57D79967F6DE}.Debug|Any CPU.ActiveCfg = Debug|Any CPU
		{DCBA3A8A-9675-42DB-9269-57D79967F6DE}.Debug|Any CPU.Build.0 = Debug|Any CPU
		{DCBA3A8A-9675-42DB-9269-57D79967F6DE}.Release|Any CPU.ActiveCfg = Release|Any CPU
		{DCBA3A8A-9675-42DB-9269-57D79967F6DE}.Release|Any CPU.Build.0 = Release|Any CPU
		{6DD78B6B-9FC6-4ED4-8A02-3DD76EE03B69}.Debug|Any CPU.ActiveCfg = Debug|Any CPU
		{6DD78B6B-9FC6-4ED4-8A02-3DD76EE03B69}.Debug|Any CPU.Build.0 = Debug|Any CPU
		{6DD78B6B-9FC6-4ED4-8A02-3DD76EE03B69}.Release|Any CPU.ActiveCfg = Release|Any CPU
		{6DD78B6B-9FC6-4ED4-8A02-3DD76EE03B69}.Release|Any CPU.Build.0 = Release|Any CPU
	EndGlobalSection
	GlobalSection(SolutionProperties) = preSolution
		HideSolutionNode = FALSE
	EndGlobalSection
	GlobalSection(NestedProjects) = preSolution
		{E7F119E9-B608-46D3-8EF2-F74AD4CC5930} = {611E9C0D-FB60-4CEE-80C0-2C73D4CDF7B8}
		{ACB7F647-D1AE-4F4A-9D3F-0B3AAC46F1C9} = {611E9C0D-FB60-4CEE-80C0-2C73D4CDF7B8}
		{9F852689-93DC-47C7-9C9B-7448605000CD} = {ACB7F647-D1AE-4F4A-9D3F-0B3AAC46F1C9}
		{45932CB9-4EAF-4D34-BC84-E28BCC0B00AF} = {DD92F17A-3305-4C63-AC84-94D78C6CF28A}
		{DCBA3A8A-9675-42DB-9269-57D79967F6DE} = {536A96A3-A36C-4511-B69C-1987F793C5AE}
		{6DD78B6B-9FC6-4ED4-8A02-3DD76EE03B69} = {72D602A9-DF34-441E-865A-6A286D48985A}
	EndGlobalSection
	GlobalSection(ExtensibilityGlobals) = postSolution
		SolutionGuid = {2DB1B098-587A-4A77-8D61-6681D5CD0524}
	EndGlobalSection
EndGlobal
