
Microsoft Visual Studio Solution File, Format Version 12.00
# Visual Studio Version 17
VisualStudioVersion = 17.6.33815.320
MinimumVisualStudioVersion = 10.0.40219.1
Project("{FAE04EC0-301F-11D3-BF4B-00C04F79EFBC}") = "Chargen-UI", "Chargen-UI\Chargen-UI.csproj", "{E7F119E9-B608-46D3-8EF2-F74AD4CC5930}"
	ProjectSection(ProjectDependencies) = postProject
		{45932CB9-4EAF-4D34-BC84-E28BCC0B00AF} = {45932CB9-4EAF-4D34-BC84-E28BCC0B00AF}
	EndProjectSection
EndProject
Project("{2150E333-8FDC-42A3-9474-1A3956D46DE8}") = "UserControls", "UserControls", "{ACB7F647-D1AE-4F4A-9D3F-0B3AAC46F1C9}"
EndProject
Project("{FAE04EC0-301F-11D3-BF4B-00C04F79EFBC}") = "CharacterMain", "CharacterMain\CharacterMain.csproj", "{9F852689-93DC-47C7-9C9B-7448605000CD}"
EndProject
Project("{FAE04EC0-301F-11D3-BF4B-00C04F79EFBC}") = "Infrastructure.Persistence", "Infrastructure.Persistence\Infrastructure.Persistence.csproj", "{45932CB9-4EAF-4D34-BC84-E28BCC0B00AF}"
	ProjectSection(ProjectDependencies) = postProject
		{9F852689-93DC-47C7-9C9B-7448605000CD} = {9F852689-93DC-47C7-9C9B-7448605000CD}
	EndProjectSection
EndProject
Global
	GlobalSection(SolutionConfigurationPlatforms) = preSolution
		Debug|Any CPU = Debug|Any CPU
		Release|Any CPU = Release|Any CPU
	EndGlobalSection
	GlobalSection(ProjectConfigurationPlatforms) = postSolution
		{E7F119E9-B608-46D3-8EF2-F74AD4CC5930}.Debug|Any CPU.ActiveCfg = Debug|Any CPU
		{E7F119E9-B608-46D3-8EF2-F74AD4CC5930}.Debug|Any CPU.Build.0 = Debug|Any CPU
		{E7F119E9-B608-46D3-8EF2-F74AD4CC5930}.Release|Any CPU.ActiveCfg = Release|Any CPU
		{E7F119E9-B608-46D3-8EF2-F74AD4CC5930}.Release|Any CPU.Build.0 = Release|Any CPU
		{9F852689-93DC-47C7-9C9B-7448605000CD}.Debug|Any CPU.ActiveCfg = Debug|Any CPU
		{9F852689-93DC-47C7-9C9B-7448605000CD}.Debug|Any CPU.Build.0 = Debug|Any CPU
		{9F852689-93DC-47C7-9C9B-7448605000CD}.Release|Any CPU.ActiveCfg = Release|Any CPU
		{9F852689-93DC-47C7-9C9B-7448605000CD}.Release|Any CPU.Build.0 = Release|Any CPU
		{45932CB9-4EAF-4D34-BC84-E28BCC0B00AF}.Debug|Any CPU.ActiveCfg = Debug|Any CPU
		{45932CB9-4EAF-4D34-BC84-E28BCC0B00AF}.Debug|Any CPU.Build.0 = Debug|Any CPU
		{45932CB9-4EAF-4D34-BC84-E28BCC0B00AF}.Release|Any CPU.ActiveCfg = Release|Any CPU
		{45932CB9-4EAF-4D34-BC84-E28BCC0B00AF}.Release|Any CPU.Build.0 = Release|Any CPU
	EndGlobalSection
	GlobalSection(SolutionProperties) = preSolution
		HideSolutionNode = FALSE
	EndGlobalSection
	GlobalSection(NestedProjects) = preSolution
		{9F852689-93DC-47C7-9C9B-7448605000CD} = {ACB7F647-D1AE-4F4A-9D3F-0B3AAC46F1C9}
	EndGlobalSection
	GlobalSection(ExtensibilityGlobals) = postSolution
		SolutionGuid = {2DB1B098-587A-4A77-8D61-6681D5CD0524}
	EndGlobalSection
EndGlobal
